
Microsoft Visual Studio Solution File, Format Version 12.00
# Visual Studio Version 17
VisualStudioVersion = 17.8.34330.188
MinimumVisualStudioVersion = 10.0.40219.1
Project("{FAE04EC0-301F-11D3-BF4B-00C04F79EFBC}") = "MQTT Broker Windows Service", "MQTT Broker Windows Service.csproj", "{AE0CEC86-87B7-4C40-B00B-72E475BC4E5C}"
EndProject
Global
	GlobalSection(SolutionConfigurationPlatforms) = preSolution
		Debug|Any CPU = Debug|Any CPU
		Release|Any CPU = Release|Any CPU
	EndGlobalSection
	GlobalSection(ProjectConfigurationPlatforms) = postSolution
		{AE0CEC86-87B7-4C40-B00B-72E475BC4E5C}.Debug|Any CPU.ActiveCfg = Debug|Any CPU
		{AE0CEC86-87B7-4C40-B00B-72E475BC4E5C}.Debug|Any CPU.Build.0 = Debug|Any CPU
		{AE0CEC86-87B7-4C40-B00B-72E475BC4E5C}.Release|Any CPU.ActiveCfg = Release|Any CPU
		{AE0CEC86-87B7-4C40-B00B-72E475BC4E5C}.Release|Any CPU.Build.0 = Release|Any CPU
	EndGlobalSection
	GlobalSection(SolutionProperties) = preSolution
		HideSolutionNode = FALSE
	EndGlobalSection
	GlobalSection(ExtensibilityGlobals) = postSolution
		SolutionGuid = {143BC68F-E06F-4681-99ED-76A47CB31628}
	EndGlobalSection
EndGlobal
